
Microsoft Visual Studio Solution File, Format Version 12.00
# Visual Studio Version 16
VisualStudioVersion = 16.0.30717.126
MinimumVisualStudioVersion = 10.0.40219.1
Project("{FAE04EC0-301F-11D3-BF4B-00C04F79EFBC}") = "Merge_Sort", "Merge_Sort\Merge_Sort.csproj", "{C039BB12-189B-4E19-8ED6-BEAF84E93FBF}"
EndProject
Global
	GlobalSection(SolutionConfigurationPlatforms) = preSolution
		Debug|Any CPU = Debug|Any CPU
		Release|Any CPU = Release|Any CPU
	EndGlobalSection
	GlobalSection(ProjectConfigurationPlatforms) = postSolution
		{C039BB12-189B-4E19-8ED6-BEAF84E93FBF}.Debug|Any CPU.ActiveCfg = Debug|Any CPU
		{C039BB12-189B-4E19-8ED6-BEAF84E93FBF}.Debug|Any CPU.Build.0 = Debug|Any CPU
		{C039BB12-189B-4E19-8ED6-BEAF84E93FBF}.Release|Any CPU.ActiveCfg = Release|Any CPU
		{C039BB12-189B-4E19-8ED6-BEAF84E93FBF}.Release|Any CPU.Build.0 = Release|Any CPU
	EndGlobalSection
	GlobalSection(SolutionProperties) = preSolution
		HideSolutionNode = FALSE
	EndGlobalSection
	GlobalSection(ExtensibilityGlobals) = postSolution
		SolutionGuid = {450CCDC4-71B2-4666-A6D0-8F0BD293F1C5}
	EndGlobalSection
EndGlobal
