
Microsoft Visual Studio Solution File, Format Version 12.00
# Visual Studio Version 16
VisualStudioVersion = 16.0.30717.126
MinimumVisualStudioVersion = 10.0.40219.1
Project("{FAE04EC0-301F-11D3-BF4B-00C04F79EFBC}") = "TripDaria_partial_2021", "TripDaria_partial_2021\TripDaria_partial_2021.csproj", "{B95D6B27-8934-45A9-BE05-BAFCBD369D85}"
EndProject
Global
	GlobalSection(SolutionConfigurationPlatforms) = preSolution
		Debug|Any CPU = Debug|Any CPU
		Release|Any CPU = Release|Any CPU
	EndGlobalSection
	GlobalSection(ProjectConfigurationPlatforms) = postSolution
		{B95D6B27-8934-45A9-BE05-BAFCBD369D85}.Debug|Any CPU.ActiveCfg = Debug|Any CPU
		{B95D6B27-8934-45A9-BE05-BAFCBD369D85}.Debug|Any CPU.Build.0 = Debug|Any CPU
		{B95D6B27-8934-45A9-BE05-BAFCBD369D85}.Release|Any CPU.ActiveCfg = Release|Any CPU
		{B95D6B27-8934-45A9-BE05-BAFCBD369D85}.Release|Any CPU.Build.0 = Release|Any CPU
	EndGlobalSection
	GlobalSection(SolutionProperties) = preSolution
		HideSolutionNode = FALSE
	EndGlobalSection
	GlobalSection(ExtensibilityGlobals) = postSolution
		SolutionGuid = {EDA62BDD-3788-429C-8FD1-06F169360E85}
	EndGlobalSection
EndGlobal
